
Microsoft Visual Studio Solution File, Format Version 12.00
# Visual Studio Version 16
VisualStudioVersion = 16.0.31129.286
MinimumVisualStudioVersion = 10.0.40219.1
Project("{2150E333-8FDC-42A3-9474-1A3956D46DE8}") = "Presentation", "Presentation", "{CB0246D8-6855-4AE9-811C-EDF47A83444B}"
EndProject
Project("{2150E333-8FDC-42A3-9474-1A3956D46DE8}") = "Infra", "Infra", "{717ED686-EF19-4586-B977-354A3A7F7046}"
EndProject
Project("{FAE04EC0-301F-11D3-BF4B-00C04F79EFBC}") = "LeandroExRate.Domain", "LeandroExRate\LeandroExRate.Domain\LeandroExRate.Domain.csproj", "{17E52217-865D-4A54-B84E-2D43BF231D35}"
EndProject
Project("{FAE04EC0-301F-11D3-BF4B-00C04F79EFBC}") = "LeandroExRate.AppService", "LeandroExRate\LeandroExRate.Application\LeandroExRate.AppService.csproj", "{A55993E4-41F3-4BBB-9E42-9F4BA149FB02}"
EndProject
Project("{FAE04EC0-301F-11D3-BF4B-00C04F79EFBC}") = "LeandroExRate.Bootstrap", "LeandroExRate\LeandroExRate.Bootstrap\LeandroExRate.Bootstrap.csproj", "{DF2E7CB1-A0EE-4E46-9D8C-056BCAAA0DAF}"
EndProject
Project("{FAE04EC0-301F-11D3-BF4B-00C04F79EFBC}") = "LeandroExRate.Common", "LeandroExRate\LeandroExRate.Common\LeandroExRate.Common.csproj", "{52AA012D-2A19-4573-AAFA-E2CBE2FA980F}"
EndProject
Project("{FAE04EC0-301F-11D3-BF4B-00C04F79EFBC}") = "LeandroExRate.DI", "LeandroExRate\LeandroExRate.DI\LeandroExRate.DI.csproj", "{5623FF96-A60A-412F-AAAF-E269B18A853B}"
EndProject
Project("{FAE04EC0-301F-11D3-BF4B-00C04F79EFBC}") = "LeandroExRate.Mapping", "LeandroExRate\LeandroExRate.Mapping\LeandroExRate.Mapping.csproj", "{A92F6221-1105-4E17-B72F-B29657306F33}"
EndProject
Project("{FAE04EC0-301F-11D3-BF4B-00C04F79EFBC}") = "LeandroExRate.ViewModels", "LeandroExRate\LeandroExRate.ViewModels\LeandroExRate.ViewModels.csproj", "{9D4BD802-4042-4525-95DF-81C019230F82}"
EndProject
Project("{FAE04EC0-301F-11D3-BF4B-00C04F79EFBC}") = "LeandroExRate.App", "LeandroExRate.App\LeandroExRate.App.csproj", "{A6BA90F3-7365-48EF-B3F0-FA81FF978355}"
EndProject
Project("{2150E333-8FDC-42A3-9474-1A3956D46DE8}") = "Tests", "Tests", "{F4FD497F-DB86-4109-810B-D55E9503CD06}"
EndProject
Project("{2150E333-8FDC-42A3-9474-1A3956D46DE8}") = "External", "External", "{6B6F2244-D4AA-46D1-9DC4-1B7B46842650}"
EndProject
Project("{FAE04EC0-301F-11D3-BF4B-00C04F79EFBC}") = "LeandroExRate.Integration.DataFixer", "LeandroExRate.Integration.DataFixer\LeandroExRate.Integration.DataFixer.csproj", "{18095E32-0EEC-40A7-AF08-BCD6B9379E5E}"
EndProject
Global
	GlobalSection(SolutionConfigurationPlatforms) = preSolution
		Debug|Any CPU = Debug|Any CPU
		Release|Any CPU = Release|Any CPU
	EndGlobalSection
	GlobalSection(ProjectConfigurationPlatforms) = postSolution
		{17E52217-865D-4A54-B84E-2D43BF231D35}.Debug|Any CPU.ActiveCfg = Debug|Any CPU
		{17E52217-865D-4A54-B84E-2D43BF231D35}.Debug|Any CPU.Build.0 = Debug|Any CPU
		{17E52217-865D-4A54-B84E-2D43BF231D35}.Release|Any CPU.ActiveCfg = Release|Any CPU
		{17E52217-865D-4A54-B84E-2D43BF231D35}.Release|Any CPU.Build.0 = Release|Any CPU
		{A55993E4-41F3-4BBB-9E42-9F4BA149FB02}.Debug|Any CPU.ActiveCfg = Debug|Any CPU
		{A55993E4-41F3-4BBB-9E42-9F4BA149FB02}.Debug|Any CPU.Build.0 = Debug|Any CPU
		{A55993E4-41F3-4BBB-9E42-9F4BA149FB02}.Release|Any CPU.ActiveCfg = Release|Any CPU
		{A55993E4-41F3-4BBB-9E42-9F4BA149FB02}.Release|Any CPU.Build.0 = Release|Any CPU
		{DF2E7CB1-A0EE-4E46-9D8C-056BCAAA0DAF}.Debug|Any CPU.ActiveCfg = Debug|Any CPU
		{DF2E7CB1-A0EE-4E46-9D8C-056BCAAA0DAF}.Debug|Any CPU.Build.0 = Debug|Any CPU
		{DF2E7CB1-A0EE-4E46-9D8C-056BCAAA0DAF}.Release|Any CPU.ActiveCfg = Release|Any CPU
		{DF2E7CB1-A0EE-4E46-9D8C-056BCAAA0DAF}.Release|Any CPU.Build.0 = Release|Any CPU
		{52AA012D-2A19-4573-AAFA-E2CBE2FA980F}.Debug|Any CPU.ActiveCfg = Debug|Any CPU
		{52AA012D-2A19-4573-AAFA-E2CBE2FA980F}.Debug|Any CPU.Build.0 = Debug|Any CPU
		{52AA012D-2A19-4573-AAFA-E2CBE2FA980F}.Release|Any CPU.ActiveCfg = Release|Any CPU
		{52AA012D-2A19-4573-AAFA-E2CBE2FA980F}.Release|Any CPU.Build.0 = Release|Any CPU
		{5623FF96-A60A-412F-AAAF-E269B18A853B}.Debug|Any CPU.ActiveCfg = Debug|Any CPU
		{5623FF96-A60A-412F-AAAF-E269B18A853B}.Debug|Any CPU.Build.0 = Debug|Any CPU
		{5623FF96-A60A-412F-AAAF-E269B18A853B}.Release|Any CPU.ActiveCfg = Release|Any CPU
		{5623FF96-A60A-412F-AAAF-E269B18A853B}.Release|Any CPU.Build.0 = Release|Any CPU
		{A92F6221-1105-4E17-B72F-B29657306F33}.Debug|Any CPU.ActiveCfg = Debug|Any CPU
		{A92F6221-1105-4E17-B72F-B29657306F33}.Debug|Any CPU.Build.0 = Debug|Any CPU
		{A92F6221-1105-4E17-B72F-B29657306F33}.Release|Any CPU.ActiveCfg = Release|Any CPU
		{A92F6221-1105-4E17-B72F-B29657306F33}.Release|Any CPU.Build.0 = Release|Any CPU
		{9D4BD802-4042-4525-95DF-81C019230F82}.Debug|Any CPU.ActiveCfg = Debug|Any CPU
		{9D4BD802-4042-4525-95DF-81C019230F82}.Debug|Any CPU.Build.0 = Debug|Any CPU
		{9D4BD802-4042-4525-95DF-81C019230F82}.Release|Any CPU.ActiveCfg = Release|Any CPU
		{9D4BD802-4042-4525-95DF-81C019230F82}.Release|Any CPU.Build.0 = Release|Any CPU
		{A6BA90F3-7365-48EF-B3F0-FA81FF978355}.Debug|Any CPU.ActiveCfg = Debug|Any CPU
		{A6BA90F3-7365-48EF-B3F0-FA81FF978355}.Debug|Any CPU.Build.0 = Debug|Any CPU
		{A6BA90F3-7365-48EF-B3F0-FA81FF978355}.Release|Any CPU.ActiveCfg = Release|Any CPU
		{A6BA90F3-7365-48EF-B3F0-FA81FF978355}.Release|Any CPU.Build.0 = Release|Any CPU
		{18095E32-0EEC-40A7-AF08-BCD6B9379E5E}.Debug|Any CPU.ActiveCfg = Debug|Any CPU
		{18095E32-0EEC-40A7-AF08-BCD6B9379E5E}.Debug|Any CPU.Build.0 = Debug|Any CPU
		{18095E32-0EEC-40A7-AF08-BCD6B9379E5E}.Release|Any CPU.ActiveCfg = Release|Any CPU
		{18095E32-0EEC-40A7-AF08-BCD6B9379E5E}.Release|Any CPU.Build.0 = Release|Any CPU
	EndGlobalSection
	GlobalSection(SolutionProperties) = preSolution
		HideSolutionNode = FALSE
	EndGlobalSection
	GlobalSection(NestedProjects) = preSolution
		{A55993E4-41F3-4BBB-9E42-9F4BA149FB02} = {CB0246D8-6855-4AE9-811C-EDF47A83444B}
		{DF2E7CB1-A0EE-4E46-9D8C-056BCAAA0DAF} = {717ED686-EF19-4586-B977-354A3A7F7046}
		{5623FF96-A60A-412F-AAAF-E269B18A853B} = {717ED686-EF19-4586-B977-354A3A7F7046}
		{A92F6221-1105-4E17-B72F-B29657306F33} = {CB0246D8-6855-4AE9-811C-EDF47A83444B}
		{9D4BD802-4042-4525-95DF-81C019230F82} = {CB0246D8-6855-4AE9-811C-EDF47A83444B}
		{A6BA90F3-7365-48EF-B3F0-FA81FF978355} = {CB0246D8-6855-4AE9-811C-EDF47A83444B}
		{6B6F2244-D4AA-46D1-9DC4-1B7B46842650} = {717ED686-EF19-4586-B977-354A3A7F7046}
		{18095E32-0EEC-40A7-AF08-BCD6B9379E5E} = {6B6F2244-D4AA-46D1-9DC4-1B7B46842650}
	EndGlobalSection
	GlobalSection(ExtensibilityGlobals) = postSolution
		SolutionGuid = {F08F07BA-B4D4-4DB9-BC35-3D5BF34682F2}
	EndGlobalSection
EndGlobal
